
Microsoft Visual Studio Solution File, Format Version 12.00
# Visual Studio 2013
VisualStudioVersion = 12.0.31101.0
MinimumVisualStudioVersion = 10.0.40219.1
Project("{FAE04EC0-301F-11D3-BF4B-00C04F79EFBC}") = "Client", "WCF1\Client.csproj", "{7A0D1943-CD8F-44CB-8D80-525E3EBFBB6A}"
EndProject
Project("{FAE04EC0-301F-11D3-BF4B-00C04F79EFBC}") = "Server", "Server\Server.csproj", "{7B11CB86-5C79-4F06-90DA-54A117ECC963}"
EndProject
Global
	GlobalSection(SolutionConfigurationPlatforms) = preSolution
		Debug|Any CPU = Debug|Any CPU
		Release|Any CPU = Release|Any CPU
	EndGlobalSection
	GlobalSection(ProjectConfigurationPlatforms) = postSolution
		{7A0D1943-CD8F-44CB-8D80-525E3EBFBB6A}.Debug|Any CPU.ActiveCfg = Debug|Any CPU
		{7A0D1943-CD8F-44CB-8D80-525E3EBFBB6A}.Debug|Any CPU.Build.0 = Debug|Any CPU
		{7A0D1943-CD8F-44CB-8D80-525E3EBFBB6A}.Release|Any CPU.ActiveCfg = Release|Any CPU
		{7A0D1943-CD8F-44CB-8D80-525E3EBFBB6A}.Release|Any CPU.Build.0 = Release|Any CPU
		{7B11CB86-5C79-4F06-90DA-54A117ECC963}.Debug|Any CPU.ActiveCfg = Debug|Any CPU
		{7B11CB86-5C79-4F06-90DA-54A117ECC963}.Debug|Any CPU.Build.0 = Debug|Any CPU
		{7B11CB86-5C79-4F06-90DA-54A117ECC963}.Release|Any CPU.ActiveCfg = Release|Any CPU
		{7B11CB86-5C79-4F06-90DA-54A117ECC963}.Release|Any CPU.Build.0 = Release|Any CPU
	EndGlobalSection
	GlobalSection(SolutionProperties) = preSolution
		HideSolutionNode = FALSE
	EndGlobalSection
EndGlobal
